
Microsoft Visual Studio Solution File, Format Version 12.00
# Visual Studio Version 16
VisualStudioVersion = 16.0.31424.327
MinimumVisualStudioVersion = 10.0.40219.1
Project("{FAE04EC0-301F-11D3-BF4B-00C04F79EFBC}") = "ConversionThing", "ConversionThing\ConversionThing.csproj", "{E27C318F-D909-47F3-8FCC-67C590D13F1E}"
EndProject
Global
	GlobalSection(SolutionConfigurationPlatforms) = preSolution
		Debug|Any CPU = Debug|Any CPU
		Release|Any CPU = Release|Any CPU
	EndGlobalSection
	GlobalSection(ProjectConfigurationPlatforms) = postSolution
		{E27C318F-D909-47F3-8FCC-67C590D13F1E}.Debug|Any CPU.ActiveCfg = Debug|Any CPU
		{E27C318F-D909-47F3-8FCC-67C590D13F1E}.Debug|Any CPU.Build.0 = Debug|Any CPU
		{E27C318F-D909-47F3-8FCC-67C590D13F1E}.Release|Any CPU.ActiveCfg = Release|Any CPU
		{E27C318F-D909-47F3-8FCC-67C590D13F1E}.Release|Any CPU.Build.0 = Release|Any CPU
	EndGlobalSection
	GlobalSection(SolutionProperties) = preSolution
		HideSolutionNode = FALSE
	EndGlobalSection
	GlobalSection(ExtensibilityGlobals) = postSolution
		SolutionGuid = {1C4EDE05-E678-4705-A4BB-65137E5E7DA9}
	EndGlobalSection
EndGlobal
